// !$*UTF8*$!
{
	archiveVersion = 1;
	classes = {
	};
	objectVersion = 56;
	objects = {

/* Begin PBXBuildFile section */
		1980E6A02C2EF8FF00AF846B /* StartQuest.swift in Sources */ = {isa = PBXBuildFile; fileRef = 1980E69F2C2EF8FF00AF846B /* StartQuest.swift */; };
		1980E6A22C2EF90D00AF846B /* CompleteQuest.swift in Sources */ = {isa = PBXBuildFile; fileRef = 1980E6A12C2EF90D00AF846B /* CompleteQuest.swift */; };
		1980E6A42C2EFA0200AF846B /* UpdatePassword.swift in Sources */ = {isa = PBXBuildFile; fileRef = 1980E6A32C2EFA0200AF846B /* UpdatePassword.swift */; };
		1980E6A62C2EFB3800AF846B /* FirebaseStorage in Frameworks */ = {isa = PBXBuildFile; productRef = 1980E6A52C2EFB3800AF846B /* FirebaseStorage */; };
		19D16CD12C140EA200133B59 /* GoogleMaps in Frameworks */ = {isa = PBXBuildFile; productRef = 19D16CD02C140EA200133B59 /* GoogleMaps */; };
		19D16CD62C1419EC00133B59 /* ARKit.framework in Frameworks */ = {isa = PBXBuildFile; fileRef = 19D16CD42C1419C800133B59 /* ARKit.framework */; };
		19D16CDA2C142BC400133B59 /* PlayerModel.swift in Sources */ = {isa = PBXBuildFile; fileRef = 19D16CD92C142BC400133B59 /* PlayerModel.swift */; };
		19D16CDC2C14634F00133B59 /* ImageHandler.swift in Sources */ = {isa = PBXBuildFile; fileRef = 19D16CDB2C14634F00133B59 /* ImageHandler.swift */; };
		4D7557AE2C3FD7AA00A27C62 /* GoogleService-Info.plist in Resources */ = {isa = PBXBuildFile; fileRef = 4D7557AD2C3FD7A900A27C62 /* GoogleService-Info.plist */; };
		4D7557B02C3FDF5300A27C62 /* QuizView.swift in Sources */ = {isa = PBXBuildFile; fileRef = 4D7557AF2C3FDF5300A27C62 /* QuizView.swift */; };
		4D7557B22C3FDF6700A27C62 /* QuizViewModel.swift in Sources */ = {isa = PBXBuildFile; fileRef = 4D7557B12C3FDF6700A27C62 /* QuizViewModel.swift */; };
		4DA91C752C1B3199007433F4 /* HomePage.swift in Sources */ = {isa = PBXBuildFile; fileRef = 4DA91C742C1B3199007433F4 /* HomePage.swift */; };
		4DA91C772C1B31BC007433F4 /* PlayerGPS.swift in Sources */ = {isa = PBXBuildFile; fileRef = 4DA91C762C1B31BC007433F4 /* PlayerGPS.swift */; };
		4DA91C792C1B31DD007433F4 /* GoogleMapConfig.swift in Sources */ = {isa = PBXBuildFile; fileRef = 4DA91C782C1B31DD007433F4 /* GoogleMapConfig.swift */; };
		4DA91C7B2C1B3203007433F4 /* QuestManager.swift in Sources */ = {isa = PBXBuildFile; fileRef = 4DA91C7A2C1B3203007433F4 /* QuestManager.swift */; };
		4DA91C7D2C1B3219007433F4 /* QuestView.swift in Sources */ = {isa = PBXBuildFile; fileRef = 4DA91C7C2C1B3219007433F4 /* QuestView.swift */; };
		4DC87F632C0C5AB2005F6F12 /* DiscoverNUSApp.swift in Sources */ = {isa = PBXBuildFile; fileRef = 4DC87F622C0C5AB2005F6F12 /* DiscoverNUSApp.swift */; };
		4DC87F652C0C5AB2005F6F12 /* ContentView.swift in Sources */ = {isa = PBXBuildFile; fileRef = 4DC87F642C0C5AB2005F6F12 /* ContentView.swift */; };
		4DC87F672C0C5AB4005F6F12 /* Assets.xcassets in Resources */ = {isa = PBXBuildFile; fileRef = 4DC87F662C0C5AB4005F6F12 /* Assets.xcassets */; };
		4DC87F6A2C0C5AB4005F6F12 /* Preview Assets.xcassets in Resources */ = {isa = PBXBuildFile; fileRef = 4DC87F692C0C5AB4005F6F12 /* Preview Assets.xcassets */; };
		4DC87F742C0C5C82005F6F12 /* FirebaseAnalytics in Frameworks */ = {isa = PBXBuildFile; productRef = 4DC87F732C0C5C82005F6F12 /* FirebaseAnalytics */; };
		4DC87F762C0C5C82005F6F12 /* FirebaseAnalyticsSwift in Frameworks */ = {isa = PBXBuildFile; productRef = 4DC87F752C0C5C82005F6F12 /* FirebaseAnalyticsSwift */; };
		4DC87F782C0C5C82005F6F12 /* FirebaseAuth in Frameworks */ = {isa = PBXBuildFile; productRef = 4DC87F772C0C5C82005F6F12 /* FirebaseAuth */; };
		4DC87F8A2C0C5DB3005F6F12 /* AuthenticationManager.swift in Sources */ = {isa = PBXBuildFile; fileRef = 4DC87F842C0C5DB2005F6F12 /* AuthenticationManager.swift */; };
		4DC87F8B2C0C5DB3005F6F12 /* AuthenticationView.swift in Sources */ = {isa = PBXBuildFile; fileRef = 4DC87F852C0C5DB2005F6F12 /* AuthenticationView.swift */; };
		4DC87F8C2C0C5DB3005F6F12 /* RootView.swift in Sources */ = {isa = PBXBuildFile; fileRef = 4DC87F862C0C5DB2005F6F12 /* RootView.swift */; };
		4DC87F8D2C0C5DB3005F6F12 /* SettingsView.swift in Sources */ = {isa = PBXBuildFile; fileRef = 4DC87F872C0C5DB2005F6F12 /* SettingsView.swift */; };
		4DC87F8E2C0C5DB3005F6F12 /* SignInEmailView.swift in Sources */ = {isa = PBXBuildFile; fileRef = 4DC87F882C0C5DB2005F6F12 /* SignInEmailView.swift */; };
		4DC87F902C0C9C8D005F6F12 /* SignUpEmailView.swift in Sources */ = {isa = PBXBuildFile; fileRef = 4DC87F8F2C0C9C8D005F6F12 /* SignUpEmailView.swift */; };
		4DC87F922C0ED8EF005F6F12 /* ForgotPasswordView.swift in Sources */ = {isa = PBXBuildFile; fileRef = 4DC87F912C0ED8EF005F6F12 /* ForgotPasswordView.swift */; };
		4DC87F952C0EE6FB005F6F12 /* FirebaseFirestore in Frameworks */ = {isa = PBXBuildFile; productRef = 4DC87F942C0EE6FB005F6F12 /* FirebaseFirestore */; };
		4DC87F972C0EE705005F6F12 /* FirebaseFirestoreSwift in Frameworks */ = {isa = PBXBuildFile; productRef = 4DC87F962C0EE705005F6F12 /* FirebaseFirestoreSwift */; };
		4DC87F9C2C10AB0F005F6F12 /* GoogleSignIn in Frameworks */ = {isa = PBXBuildFile; productRef = 4DC87F9B2C10AB0F005F6F12 /* GoogleSignIn */; };
		4DC87F9E2C10AB0F005F6F12 /* GoogleSignInSwift in Frameworks */ = {isa = PBXBuildFile; productRef = 4DC87F9D2C10AB0F005F6F12 /* GoogleSignInSwift */; };
		4DC87FA42C10B021005F6F12 /* Utilities.swift in Sources */ = {isa = PBXBuildFile; fileRef = 4DC87FA32C10B021005F6F12 /* Utilities.swift */; };
		4DC87FA62C10B70B005F6F12 /* SignInGoogle.swift in Sources */ = {isa = PBXBuildFile; fileRef = 4DC87FA52C10B70B005F6F12 /* SignInGoogle.swift */; };
		4DC9284F2C1FF70F0044DDBA /* MultiPlayerView.swift in Sources */ = {isa = PBXBuildFile; fileRef = 4DC9284E2C1FF70F0044DDBA /* MultiPlayerView.swift */; };
		4DC928552C207F2C0044DDBA /* CreatePartyView.swift in Sources */ = {isa = PBXBuildFile; fileRef = 4DC928542C207F2C0044DDBA /* CreatePartyView.swift */; };
		4DC928592C24252A0044DDBA /* PartyView.swift in Sources */ = {isa = PBXBuildFile; fileRef = 4DC928582C24252A0044DDBA /* PartyView.swift */; };
		4DC9285B2C2425880044DDBA /* JoinPartyView.swift in Sources */ = {isa = PBXBuildFile; fileRef = 4DC9285A2C2425880044DDBA /* JoinPartyView.swift */; };
/* End PBXBuildFile section */

/* Begin PBXFileReference section */
		1980E69F2C2EF8FF00AF846B /* StartQuest.swift */ = {isa = PBXFileReference; lastKnownFileType = sourcecode.swift; path = StartQuest.swift; sourceTree = "<group>"; };
		1980E6A12C2EF90D00AF846B /* CompleteQuest.swift */ = {isa = PBXFileReference; lastKnownFileType = sourcecode.swift; path = CompleteQuest.swift; sourceTree = "<group>"; };
		1980E6A32C2EFA0200AF846B /* UpdatePassword.swift */ = {isa = PBXFileReference; lastKnownFileType = sourcecode.swift; path = UpdatePassword.swift; sourceTree = "<group>"; };
		19D16CD42C1419C800133B59 /* ARKit.framework */ = {isa = PBXFileReference; lastKnownFileType = wrapper.framework; name = ARKit.framework; path = System/Library/Frameworks/ARKit.framework; sourceTree = SDKROOT; };
		19D16CD92C142BC400133B59 /* PlayerModel.swift */ = {isa = PBXFileReference; lastKnownFileType = sourcecode.swift; path = PlayerModel.swift; sourceTree = "<group>"; };
		19D16CDB2C14634F00133B59 /* ImageHandler.swift */ = {isa = PBXFileReference; lastKnownFileType = sourcecode.swift; path = ImageHandler.swift; sourceTree = "<group>"; };
		4D7557AD2C3FD7A900A27C62 /* GoogleService-Info.plist */ = {isa = PBXFileReference; fileEncoding = 4; lastKnownFileType = text.plist.xml; path = "GoogleService-Info.plist"; sourceTree = "<group>"; };
		4D7557AF2C3FDF5300A27C62 /* QuizView.swift */ = {isa = PBXFileReference; lastKnownFileType = sourcecode.swift; path = QuizView.swift; sourceTree = "<group>"; };
		4D7557B12C3FDF6700A27C62 /* QuizViewModel.swift */ = {isa = PBXFileReference; lastKnownFileType = sourcecode.swift; path = QuizViewModel.swift; sourceTree = "<group>"; };
		4DA91C742C1B3199007433F4 /* HomePage.swift */ = {isa = PBXFileReference; lastKnownFileType = sourcecode.swift; path = HomePage.swift; sourceTree = "<group>"; };
		4DA91C762C1B31BC007433F4 /* PlayerGPS.swift */ = {isa = PBXFileReference; lastKnownFileType = sourcecode.swift; path = PlayerGPS.swift; sourceTree = "<group>"; };
		4DA91C782C1B31DD007433F4 /* GoogleMapConfig.swift */ = {isa = PBXFileReference; lastKnownFileType = sourcecode.swift; path = GoogleMapConfig.swift; sourceTree = "<group>"; };
		4DA91C7A2C1B3203007433F4 /* QuestManager.swift */ = {isa = PBXFileReference; lastKnownFileType = sourcecode.swift; path = QuestManager.swift; sourceTree = "<group>"; };
		4DA91C7C2C1B3219007433F4 /* QuestView.swift */ = {isa = PBXFileReference; lastKnownFileType = sourcecode.swift; path = QuestView.swift; sourceTree = "<group>"; };
		4DC87F5F2C0C5AB2005F6F12 /* DiscoverNUS.app */ = {isa = PBXFileReference; explicitFileType = wrapper.application; includeInIndex = 0; path = DiscoverNUS.app; sourceTree = BUILT_PRODUCTS_DIR; };
		4DC87F622C0C5AB2005F6F12 /* DiscoverNUSApp.swift */ = {isa = PBXFileReference; lastKnownFileType = sourcecode.swift; path = DiscoverNUSApp.swift; sourceTree = "<group>"; };
		4DC87F642C0C5AB2005F6F12 /* ContentView.swift */ = {isa = PBXFileReference; lastKnownFileType = sourcecode.swift; path = ContentView.swift; sourceTree = "<group>"; };
		4DC87F662C0C5AB4005F6F12 /* Assets.xcassets */ = {isa = PBXFileReference; lastKnownFileType = folder.assetcatalog; path = Assets.xcassets; sourceTree = "<group>"; };
		4DC87F692C0C5AB4005F6F12 /* Preview Assets.xcassets */ = {isa = PBXFileReference; lastKnownFileType = folder.assetcatalog; path = "Preview Assets.xcassets"; sourceTree = "<group>"; };
		4DC87F842C0C5DB2005F6F12 /* AuthenticationManager.swift */ = {isa = PBXFileReference; fileEncoding = 4; lastKnownFileType = sourcecode.swift; path = AuthenticationManager.swift; sourceTree = "<group>"; };
		4DC87F852C0C5DB2005F6F12 /* AuthenticationView.swift */ = {isa = PBXFileReference; fileEncoding = 4; lastKnownFileType = sourcecode.swift; path = AuthenticationView.swift; sourceTree = "<group>"; };
		4DC87F862C0C5DB2005F6F12 /* RootView.swift */ = {isa = PBXFileReference; fileEncoding = 4; lastKnownFileType = sourcecode.swift; path = RootView.swift; sourceTree = "<group>"; };
		4DC87F872C0C5DB2005F6F12 /* SettingsView.swift */ = {isa = PBXFileReference; fileEncoding = 4; lastKnownFileType = sourcecode.swift; path = SettingsView.swift; sourceTree = "<group>"; };
		4DC87F882C0C5DB2005F6F12 /* SignInEmailView.swift */ = {isa = PBXFileReference; fileEncoding = 4; lastKnownFileType = sourcecode.swift; path = SignInEmailView.swift; sourceTree = "<group>"; };
		4DC87F8F2C0C9C8D005F6F12 /* SignUpEmailView.swift */ = {isa = PBXFileReference; lastKnownFileType = sourcecode.swift; path = SignUpEmailView.swift; sourceTree = "<group>"; };
		4DC87F912C0ED8EF005F6F12 /* ForgotPasswordView.swift */ = {isa = PBXFileReference; lastKnownFileType = sourcecode.swift; path = ForgotPasswordView.swift; sourceTree = "<group>"; };
		4DC87F9F2C10AB57005F6F12 /* Info.plist */ = {isa = PBXFileReference; lastKnownFileType = text.plist; path = Info.plist; sourceTree = "<group>"; };
		4DC87FA32C10B021005F6F12 /* Utilities.swift */ = {isa = PBXFileReference; lastKnownFileType = sourcecode.swift; path = Utilities.swift; sourceTree = "<group>"; };
		4DC87FA52C10B70B005F6F12 /* SignInGoogle.swift */ = {isa = PBXFileReference; lastKnownFileType = sourcecode.swift; path = SignInGoogle.swift; sourceTree = "<group>"; };
		4DC9284E2C1FF70F0044DDBA /* MultiPlayerView.swift */ = {isa = PBXFileReference; lastKnownFileType = sourcecode.swift; path = MultiPlayerView.swift; sourceTree = "<group>"; };
		4DC928542C207F2C0044DDBA /* CreatePartyView.swift */ = {isa = PBXFileReference; lastKnownFileType = sourcecode.swift; path = CreatePartyView.swift; sourceTree = "<group>"; };
		4DC928582C24252A0044DDBA /* PartyView.swift */ = {isa = PBXFileReference; lastKnownFileType = sourcecode.swift; path = PartyView.swift; sourceTree = "<group>"; };
		4DC9285A2C2425880044DDBA /* JoinPartyView.swift */ = {isa = PBXFileReference; lastKnownFileType = sourcecode.swift; path = JoinPartyView.swift; sourceTree = "<group>"; };
/* End PBXFileReference section */

/* Begin PBXFrameworksBuildPhase section */
		4DC87F5C2C0C5AB2005F6F12 /* Frameworks */ = {
			isa = PBXFrameworksBuildPhase;
			buildActionMask = 2147483647;
			files = (
				19D16CD12C140EA200133B59 /* GoogleMaps in Frameworks */,
				4DC87F972C0EE705005F6F12 /* FirebaseFirestoreSwift in Frameworks */,
				4DC87F762C0C5C82005F6F12 /* FirebaseAnalyticsSwift in Frameworks */,
				1980E6A62C2EFB3800AF846B /* FirebaseStorage in Frameworks */,
				4DC87F9E2C10AB0F005F6F12 /* GoogleSignInSwift in Frameworks */,
				4DC87F952C0EE6FB005F6F12 /* FirebaseFirestore in Frameworks */,
				4DC87F782C0C5C82005F6F12 /* FirebaseAuth in Frameworks */,
				19D16CD62C1419EC00133B59 /* ARKit.framework in Frameworks */,
				4DC87F742C0C5C82005F6F12 /* FirebaseAnalytics in Frameworks */,
				4DC87F9C2C10AB0F005F6F12 /* GoogleSignIn in Frameworks */,
			);
			runOnlyForDeploymentPostprocessing = 0;
		};
/* End PBXFrameworksBuildPhase section */

/* Begin PBXGroup section */
		19D16CC42C140C8C00133B59 /* SinglePlayer */ = {
			isa = PBXGroup;
			children = (
				19D16CD92C142BC400133B59 /* PlayerModel.swift */,
				4DA91C742C1B3199007433F4 /* HomePage.swift */,
				4DA91C762C1B31BC007433F4 /* PlayerGPS.swift */,
				4DA91C782C1B31DD007433F4 /* GoogleMapConfig.swift */,
				4DA91C7A2C1B3203007433F4 /* QuestManager.swift */,
				4DA91C7C2C1B3219007433F4 /* QuestView.swift */,
				1980E69F2C2EF8FF00AF846B /* StartQuest.swift */,
				1980E6A12C2EF90D00AF846B /* CompleteQuest.swift */,
			);
			path = SinglePlayer;
			sourceTree = "<group>";
		};
		4DA91C7E2C1B3337007433F4 /* MultiPlayer */ = {
			isa = PBXGroup;
			children = (
				4DC9284E2C1FF70F0044DDBA /* MultiPlayerView.swift */,
				4DC9285A2C2425880044DDBA /* JoinPartyView.swift */,
				4DC928542C207F2C0044DDBA /* CreatePartyView.swift */,
				4DC928582C24252A0044DDBA /* PartyView.swift */,
				4D7557AF2C3FDF5300A27C62 /* QuizView.swift */,
				4D7557B12C3FDF6700A27C62 /* QuizViewModel.swift */,
			);
			path = MultiPlayer;
			sourceTree = "<group>";
		};
		4DC87F562C0C5AB2005F6F12 = {
			isa = PBXGroup;
			children = (
				4DC87F612C0C5AB2005F6F12 /* DiscoverNUS */,
				4DC87F602C0C5AB2005F6F12 /* Products */,
				4DC87F932C0EE6FB005F6F12 /* Frameworks */,
			);
			sourceTree = "<group>";
		};
		4DC87F602C0C5AB2005F6F12 /* Products */ = {
			isa = PBXGroup;
			children = (
				4DC87F5F2C0C5AB2005F6F12 /* DiscoverNUS.app */,
			);
			name = Products;
			sourceTree = "<group>";
		};
		4DC87F612C0C5AB2005F6F12 /* DiscoverNUS */ = {
			isa = PBXGroup;
			children = (
				4D7557AD2C3FD7A900A27C62 /* GoogleService-Info.plist */,
				4DA91C7E2C1B3337007433F4 /* MultiPlayer */,
				19D16CC42C140C8C00133B59 /* SinglePlayer */,
				4DC87FA22C10AFE8005F6F12 /* Utilities */,
				4DC87F9F2C10AB57005F6F12 /* Info.plist */,
				4DC87F622C0C5AB2005F6F12 /* DiscoverNUSApp.swift */,
				4DC87F642C0C5AB2005F6F12 /* ContentView.swift */,
				4DC87F892C0C5DB2005F6F12 /* Authentication */,
				4DC87F662C0C5AB4005F6F12 /* Assets.xcassets */,
				4DC87F682C0C5AB4005F6F12 /* Preview Content */,
			);
			path = DiscoverNUS;
			sourceTree = "<group>";
		};
		4DC87F682C0C5AB4005F6F12 /* Preview Content */ = {
			isa = PBXGroup;
			children = (
				4DC87F692C0C5AB4005F6F12 /* Preview Assets.xcassets */,
			);
			path = "Preview Content";
			sourceTree = "<group>";
		};
		4DC87F892C0C5DB2005F6F12 /* Authentication */ = {
			isa = PBXGroup;
			children = (
				4DC87F842C0C5DB2005F6F12 /* AuthenticationManager.swift */,
				4DC87F852C0C5DB2005F6F12 /* AuthenticationView.swift */,
				4DC87F8F2C0C9C8D005F6F12 /* SignUpEmailView.swift */,
				4DC87F862C0C5DB2005F6F12 /* RootView.swift */,
				4DC87F872C0C5DB2005F6F12 /* SettingsView.swift */,
				1980E6A32C2EFA0200AF846B /* UpdatePassword.swift */,
				4DC87F912C0ED8EF005F6F12 /* ForgotPasswordView.swift */,
				4DC87F882C0C5DB2005F6F12 /* SignInEmailView.swift */,
				4DC87FA52C10B70B005F6F12 /* SignInGoogle.swift */,
				19D16CDB2C14634F00133B59 /* ImageHandler.swift */,
			);
			path = Authentication;
			sourceTree = "<group>";
		};
		4DC87F932C0EE6FB005F6F12 /* Frameworks */ = {
			isa = PBXGroup;
			children = (
				19D16CD42C1419C800133B59 /* ARKit.framework */,
			);
			name = Frameworks;
			sourceTree = "<group>";
		};
		4DC87FA22C10AFE8005F6F12 /* Utilities */ = {
			isa = PBXGroup;
			children = (
				4DC87FA32C10B021005F6F12 /* Utilities.swift */,
			);
			path = Utilities;
			sourceTree = "<group>";
		};
/* End PBXGroup section */

/* Begin PBXNativeTarget section */
		4DC87F5E2C0C5AB2005F6F12 /* DiscoverNUS */ = {
			isa = PBXNativeTarget;
			buildConfigurationList = 4DC87F6D2C0C5AB4005F6F12 /* Build configuration list for PBXNativeTarget "DiscoverNUS" */;
			buildPhases = (
				4DC87F5B2C0C5AB2005F6F12 /* Sources */,
				4DC87F5C2C0C5AB2005F6F12 /* Frameworks */,
				4DC87F5D2C0C5AB2005F6F12 /* Resources */,
			);
			buildRules = (
			);
			dependencies = (
			);
			name = DiscoverNUS;
			packageProductDependencies = (
				4DC87F732C0C5C82005F6F12 /* FirebaseAnalytics */,
				4DC87F752C0C5C82005F6F12 /* FirebaseAnalyticsSwift */,
				4DC87F772C0C5C82005F6F12 /* FirebaseAuth */,
				4DC87F942C0EE6FB005F6F12 /* FirebaseFirestore */,
				4DC87F962C0EE705005F6F12 /* FirebaseFirestoreSwift */,
				4DC87F9B2C10AB0F005F6F12 /* GoogleSignIn */,
				4DC87F9D2C10AB0F005F6F12 /* GoogleSignInSwift */,
				19D16CD02C140EA200133B59 /* GoogleMaps */,
				1980E6A52C2EFB3800AF846B /* FirebaseStorage */,
			);
			productName = DiscoverNUS;
			productReference = 4DC87F5F2C0C5AB2005F6F12 /* DiscoverNUS.app */;
			productType = "com.apple.product-type.application";
		};
/* End PBXNativeTarget section */

/* Begin PBXProject section */
		4DC87F572C0C5AB2005F6F12 /* Project object */ = {
			isa = PBXProject;
			attributes = {
				BuildIndependentTargetsInParallel = 1;
				LastSwiftUpdateCheck = 1540;
				LastUpgradeCheck = 1540;
				TargetAttributes = {
					4DC87F5E2C0C5AB2005F6F12 = {
						CreatedOnToolsVersion = 15.4;
					};
				};
			};
			buildConfigurationList = 4DC87F5A2C0C5AB2005F6F12 /* Build configuration list for PBXProject "DiscoverNUS" */;
			compatibilityVersion = "Xcode 14.0";
			developmentRegion = en;
			hasScannedForEncodings = 0;
			knownRegions = (
				en,
				Base,
			);
			mainGroup = 4DC87F562C0C5AB2005F6F12;
			packageReferences = (
				4DC87F722C0C5C82005F6F12 /* XCRemoteSwiftPackageReference "firebase-ios-sdk" */,
				4DC87F9A2C10AB0F005F6F12 /* XCRemoteSwiftPackageReference "GoogleSignIn-iOS" */,
				19D16CCF2C140EA200133B59 /* XCRemoteSwiftPackageReference "ios-maps-sdk" */,
			);
			productRefGroup = 4DC87F602C0C5AB2005F6F12 /* Products */;
			projectDirPath = "";
			projectRoot = "";
			targets = (
				4DC87F5E2C0C5AB2005F6F12 /* DiscoverNUS */,
			);
		};
/* End PBXProject section */

/* Begin PBXResourcesBuildPhase section */
		4DC87F5D2C0C5AB2005F6F12 /* Resources */ = {
			isa = PBXResourcesBuildPhase;
			buildActionMask = 2147483647;
			files = (
				4DC87F6A2C0C5AB4005F6F12 /* Preview Assets.xcassets in Resources */,
				4D7557AE2C3FD7AA00A27C62 /* GoogleService-Info.plist in Resources */,
				4DC87F672C0C5AB4005F6F12 /* Assets.xcassets in Resources */,
				4DC87F672C0C5AB4005F6F12 /* Assets.xcassets in Resources */,
			);
			runOnlyForDeploymentPostprocessing = 0;
		};
/* End PBXResourcesBuildPhase section */

/* Begin PBXSourcesBuildPhase section */
		4DC87F5B2C0C5AB2005F6F12 /* Sources */ = {
			isa = PBXSourcesBuildPhase;
			buildActionMask = 2147483647;
			files = (
				4DC87F8A2C0C5DB3005F6F12 /* AuthenticationManager.swift in Sources */,
				4DC87F902C0C9C8D005F6F12 /* SignUpEmailView.swift in Sources */,
				4DC87FA62C10B70B005F6F12 /* SignInGoogle.swift in Sources */,
				4D7557B22C3FDF6700A27C62 /* QuizViewModel.swift in Sources */,
				4DC9284F2C1FF70F0044DDBA /* MultiPlayerView.swift in Sources */,
				4DC87F652C0C5AB2005F6F12 /* ContentView.swift in Sources */,
				1980E6A42C2EFA0200AF846B /* UpdatePassword.swift in Sources */,
				4DC9285B2C2425880044DDBA /* JoinPartyView.swift in Sources */,
				4DC87F8B2C0C5DB3005F6F12 /* AuthenticationView.swift in Sources */,
				4DC87F8D2C0C5DB3005F6F12 /* SettingsView.swift in Sources */,
				19D16CDC2C14634F00133B59 /* ImageHandler.swift in Sources */,
				4D7557B02C3FDF5300A27C62 /* QuizView.swift in Sources */,
				19D16CDA2C142BC400133B59 /* PlayerModel.swift in Sources */,
				4DA91C752C1B3199007433F4 /* HomePage.swift in Sources */,
				4DA91C792C1B31DD007433F4 /* GoogleMapConfig.swift in Sources */,
				4DC87F902C0C9C8D005F6F12 /* SignUpEmailView.swift in Sources */,
				4DC87FA62C10B70B005F6F12 /* SignInGoogle.swift in Sources */,
				4DC87F652C0C5AB2005F6F12 /* ContentView.swift in Sources */,
				4DA91C7D2C1B3219007433F4 /* QuestView.swift in Sources */,
				4DC928552C207F2C0044DDBA /* CreatePartyView.swift in Sources */,
				4DC87F8B2C0C5DB3005F6F12 /* AuthenticationView.swift in Sources */,
				4DA91C772C1B31BC007433F4 /* PlayerGPS.swift in Sources */,
				1980E6A02C2EF8FF00AF846B /* StartQuest.swift in Sources */,
				4DC87F8D2C0C5DB3005F6F12 /* SettingsView.swift in Sources */,
				4DC87F632C0C5AB2005F6F12 /* DiscoverNUSApp.swift in Sources */,
				4DC928592C24252A0044DDBA /* PartyView.swift in Sources */,
				4DC87F8C2C0C5DB3005F6F12 /* RootView.swift in Sources */,
				4DA91C7B2C1B3203007433F4 /* QuestManager.swift in Sources */,
				4DC87F922C0ED8EF005F6F12 /* ForgotPasswordView.swift in Sources */,
				4DC87FA42C10B021005F6F12 /* Utilities.swift in Sources */,
				4DC87F8E2C0C5DB3005F6F12 /* SignInEmailView.swift in Sources */,
				1980E6A22C2EF90D00AF846B /* CompleteQuest.swift in Sources */,
			);
			runOnlyForDeploymentPostprocessing = 0;
		};
/* End PBXSourcesBuildPhase section */

/* Begin XCBuildConfiguration section */
		4DC87F6B2C0C5AB4005F6F12 /* Debug */ = {
			isa = XCBuildConfiguration;
			buildSettings = {
				ALWAYS_SEARCH_USER_PATHS = NO;
				ASSETCATALOG_COMPILER_GENERATE_SWIFT_ASSET_SYMBOL_EXTENSIONS = YES;
				CLANG_ANALYZER_NONNULL = YES;
				CLANG_ANALYZER_NUMBER_OBJECT_CONVERSION = YES_AGGRESSIVE;
				CLANG_CXX_LANGUAGE_STANDARD = "gnu++20";
				CLANG_ENABLE_MODULES = YES;
				CLANG_ENABLE_OBJC_ARC = YES;
				CLANG_ENABLE_OBJC_WEAK = YES;
				CLANG_WARN_BLOCK_CAPTURE_AUTORELEASING = YES;
				CLANG_WARN_BOOL_CONVERSION = YES;
				CLANG_WARN_COMMA = YES;
				CLANG_WARN_CONSTANT_CONVERSION = YES;
				CLANG_WARN_DEPRECATED_OBJC_IMPLEMENTATIONS = YES;
				CLANG_WARN_DIRECT_OBJC_ISA_USAGE = YES_ERROR;
				CLANG_WARN_DOCUMENTATION_COMMENTS = YES;
				CLANG_WARN_EMPTY_BODY = YES;
				CLANG_WARN_ENUM_CONVERSION = YES;
				CLANG_WARN_INFINITE_RECURSION = YES;
				CLANG_WARN_INT_CONVERSION = YES;
				CLANG_WARN_NON_LITERAL_NULL_CONVERSION = YES;
				CLANG_WARN_OBJC_IMPLICIT_RETAIN_SELF = YES;
				CLANG_WARN_OBJC_LITERAL_CONVERSION = YES;
				CLANG_WARN_OBJC_ROOT_CLASS = YES_ERROR;
				CLANG_WARN_QUOTED_INCLUDE_IN_FRAMEWORK_HEADER = YES;
				CLANG_WARN_RANGE_LOOP_ANALYSIS = YES;
				CLANG_WARN_STRICT_PROTOTYPES = YES;
				CLANG_WARN_SUSPICIOUS_MOVE = YES;
				CLANG_WARN_UNGUARDED_AVAILABILITY = YES_AGGRESSIVE;
				CLANG_WARN_UNREACHABLE_CODE = YES;
				CLANG_WARN__DUPLICATE_METHOD_MATCH = YES;
				COPY_PHASE_STRIP = NO;
				DEBUG_INFORMATION_FORMAT = dwarf;
				ENABLE_STRICT_OBJC_MSGSEND = YES;
				ENABLE_TESTABILITY = YES;
				ENABLE_USER_SCRIPT_SANDBOXING = YES;
				GCC_C_LANGUAGE_STANDARD = gnu17;
				GCC_DYNAMIC_NO_PIC = NO;
				GCC_NO_COMMON_BLOCKS = YES;
				GCC_OPTIMIZATION_LEVEL = 0;
				GCC_PREPROCESSOR_DEFINITIONS = (
					"DEBUG=1",
					"$(inherited)",
				);
				GCC_WARN_64_TO_32_BIT_CONVERSION = YES;
				GCC_WARN_ABOUT_RETURN_TYPE = YES_ERROR;
				GCC_WARN_UNDECLARED_SELECTOR = YES;
				GCC_WARN_UNINITIALIZED_AUTOS = YES_AGGRESSIVE;
				GCC_WARN_UNUSED_FUNCTION = YES;
				GCC_WARN_UNUSED_VARIABLE = YES;
				IPHONEOS_DEPLOYMENT_TARGET = 17.5;
				LOCALIZATION_PREFERS_STRING_CATALOGS = YES;
				MTL_ENABLE_DEBUG_INFO = INCLUDE_SOURCE;
				MTL_FAST_MATH = YES;
				ONLY_ACTIVE_ARCH = YES;
				SDKROOT = iphoneos;
				SWIFT_ACTIVE_COMPILATION_CONDITIONS = "DEBUG $(inherited)";
				SWIFT_OPTIMIZATION_LEVEL = "-Onone";
			};
			name = Debug;
		};
		4DC87F6C2C0C5AB4005F6F12 /* Release */ = {
			isa = XCBuildConfiguration;
			buildSettings = {
				ALWAYS_SEARCH_USER_PATHS = NO;
				ASSETCATALOG_COMPILER_GENERATE_SWIFT_ASSET_SYMBOL_EXTENSIONS = YES;
				CLANG_ANALYZER_NONNULL = YES;
				CLANG_ANALYZER_NUMBER_OBJECT_CONVERSION = YES_AGGRESSIVE;
				CLANG_CXX_LANGUAGE_STANDARD = "gnu++20";
				CLANG_ENABLE_MODULES = YES;
				CLANG_ENABLE_OBJC_ARC = YES;
				CLANG_ENABLE_OBJC_WEAK = YES;
				CLANG_WARN_BLOCK_CAPTURE_AUTORELEASING = YES;
				CLANG_WARN_BOOL_CONVERSION = YES;
				CLANG_WARN_COMMA = YES;
				CLANG_WARN_CONSTANT_CONVERSION = YES;
				CLANG_WARN_DEPRECATED_OBJC_IMPLEMENTATIONS = YES;
				CLANG_WARN_DIRECT_OBJC_ISA_USAGE = YES_ERROR;
				CLANG_WARN_DOCUMENTATION_COMMENTS = YES;
				CLANG_WARN_EMPTY_BODY = YES;
				CLANG_WARN_ENUM_CONVERSION = YES;
				CLANG_WARN_INFINITE_RECURSION = YES;
				CLANG_WARN_INT_CONVERSION = YES;
				CLANG_WARN_NON_LITERAL_NULL_CONVERSION = YES;
				CLANG_WARN_OBJC_IMPLICIT_RETAIN_SELF = YES;
				CLANG_WARN_OBJC_LITERAL_CONVERSION = YES;
				CLANG_WARN_OBJC_ROOT_CLASS = YES_ERROR;
				CLANG_WARN_QUOTED_INCLUDE_IN_FRAMEWORK_HEADER = YES;
				CLANG_WARN_RANGE_LOOP_ANALYSIS = YES;
				CLANG_WARN_STRICT_PROTOTYPES = YES;
				CLANG_WARN_SUSPICIOUS_MOVE = YES;
				CLANG_WARN_UNGUARDED_AVAILABILITY = YES_AGGRESSIVE;
				CLANG_WARN_UNREACHABLE_CODE = YES;
				CLANG_WARN__DUPLICATE_METHOD_MATCH = YES;
				COPY_PHASE_STRIP = NO;
				DEBUG_INFORMATION_FORMAT = "dwarf-with-dsym";
				ENABLE_NS_ASSERTIONS = NO;
				ENABLE_STRICT_OBJC_MSGSEND = YES;
				ENABLE_USER_SCRIPT_SANDBOXING = YES;
				GCC_C_LANGUAGE_STANDARD = gnu17;
				GCC_NO_COMMON_BLOCKS = YES;
				GCC_WARN_64_TO_32_BIT_CONVERSION = YES;
				GCC_WARN_ABOUT_RETURN_TYPE = YES_ERROR;
				GCC_WARN_UNDECLARED_SELECTOR = YES;
				GCC_WARN_UNINITIALIZED_AUTOS = YES_AGGRESSIVE;
				GCC_WARN_UNUSED_FUNCTION = YES;
				GCC_WARN_UNUSED_VARIABLE = YES;
				IPHONEOS_DEPLOYMENT_TARGET = 17.5;
				LOCALIZATION_PREFERS_STRING_CATALOGS = YES;
				MTL_ENABLE_DEBUG_INFO = NO;
				MTL_FAST_MATH = YES;
				SDKROOT = iphoneos;
				SWIFT_COMPILATION_MODE = wholemodule;
				VALIDATE_PRODUCT = YES;
			};
			name = Release;
		};
		4DC87F6E2C0C5AB4005F6F12 /* Debug */ = {
			isa = XCBuildConfiguration;
			buildSettings = {
				ASSETCATALOG_COMPILER_APPICON_NAME = AppIcon;
				ASSETCATALOG_COMPILER_GLOBAL_ACCENT_COLOR_NAME = AccentColor;
				CODE_SIGN_STYLE = Automatic;
				CURRENT_PROJECT_VERSION = 1;
				DEVELOPMENT_ASSET_PATHS = "\"DiscoverNUS/Preview Content\"";
				DEVELOPMENT_TEAM = 24X4H79734;
				ENABLE_PREVIEWS = YES;
				GENERATE_INFOPLIST_FILE = YES;
				INFOPLIST_FILE = DiscoverNUS/Info.plist;
				INFOPLIST_KEY_UIApplicationSceneManifest_Generation = YES;
				INFOPLIST_KEY_UIApplicationSupportsIndirectInputEvents = YES;
				INFOPLIST_KEY_UILaunchScreen_Generation = YES;
				INFOPLIST_KEY_UISupportedInterfaceOrientations_iPad = "UIInterfaceOrientationPortrait UIInterfaceOrientationPortraitUpsideDown UIInterfaceOrientationLandscapeLeft UIInterfaceOrientationLandscapeRight";
				INFOPLIST_KEY_UISupportedInterfaceOrientations_iPhone = "UIInterfaceOrientationPortrait UIInterfaceOrientationLandscapeLeft UIInterfaceOrientationLandscapeRight";
				LD_RUNPATH_SEARCH_PATHS = (
					"$(inherited)",
					"@executable_path/Frameworks",
				);
				MARKETING_VERSION = 1.0;
				PRODUCT_BUNDLE_IDENTIFIER = NUS.DiscoverNUS;
				PRODUCT_NAME = "$(TARGET_NAME)";
				SWIFT_EMIT_LOC_STRINGS = YES;
				SWIFT_VERSION = 5.0;
				TARGETED_DEVICE_FAMILY = "1,2";
			};
			name = Debug;
		};
		4DC87F6F2C0C5AB4005F6F12 /* Release */ = {
			isa = XCBuildConfiguration;
			buildSettings = {
				ASSETCATALOG_COMPILER_APPICON_NAME = AppIcon;
				ASSETCATALOG_COMPILER_GLOBAL_ACCENT_COLOR_NAME = AccentColor;
				CODE_SIGN_STYLE = Automatic;
				CURRENT_PROJECT_VERSION = 1;
				DEVELOPMENT_ASSET_PATHS = "\"DiscoverNUS/Preview Content\"";
				DEVELOPMENT_TEAM = 24X4H79734;
				ENABLE_PREVIEWS = YES;
				GENERATE_INFOPLIST_FILE = YES;
				INFOPLIST_FILE = DiscoverNUS/Info.plist;
				INFOPLIST_KEY_UIApplicationSceneManifest_Generation = YES;
				INFOPLIST_KEY_UIApplicationSupportsIndirectInputEvents = YES;
				INFOPLIST_KEY_UILaunchScreen_Generation = YES;
				INFOPLIST_KEY_UISupportedInterfaceOrientations_iPad = "UIInterfaceOrientationPortrait UIInterfaceOrientationPortraitUpsideDown UIInterfaceOrientationLandscapeLeft UIInterfaceOrientationLandscapeRight";
				INFOPLIST_KEY_UISupportedInterfaceOrientations_iPhone = "UIInterfaceOrientationPortrait UIInterfaceOrientationLandscapeLeft UIInterfaceOrientationLandscapeRight";
				LD_RUNPATH_SEARCH_PATHS = (
					"$(inherited)",
					"@executable_path/Frameworks",
				);
				MARKETING_VERSION = 1.0;
				PRODUCT_BUNDLE_IDENTIFIER = NUS.DiscoverNUS;
				PRODUCT_NAME = "$(TARGET_NAME)";
				SWIFT_EMIT_LOC_STRINGS = YES;
				SWIFT_VERSION = 5.0;
				TARGETED_DEVICE_FAMILY = "1,2";
			};
			name = Release;
		};
/* End XCBuildConfiguration section */

/* Begin XCConfigurationList section */
		4DC87F5A2C0C5AB2005F6F12 /* Build configuration list for PBXProject "DiscoverNUS" */ = {
			isa = XCConfigurationList;
			buildConfigurations = (
				4DC87F6B2C0C5AB4005F6F12 /* Debug */,
				4DC87F6C2C0C5AB4005F6F12 /* Release */,
			);
			defaultConfigurationIsVisible = 0;
			defaultConfigurationName = Release;
		};
		4DC87F6D2C0C5AB4005F6F12 /* Build configuration list for PBXNativeTarget "DiscoverNUS" */ = {
			isa = XCConfigurationList;
			buildConfigurations = (
				4DC87F6E2C0C5AB4005F6F12 /* Debug */,
				4DC87F6F2C0C5AB4005F6F12 /* Release */,
			);
			defaultConfigurationIsVisible = 0;
			defaultConfigurationName = Release;
		};
/* End XCConfigurationList section */

/* Begin XCRemoteSwiftPackageReference section */
		19D16CCF2C140EA200133B59 /* XCRemoteSwiftPackageReference "ios-maps-sdk" */ = {
			isa = XCRemoteSwiftPackageReference;
			repositoryURL = "https://github.com/googlemaps/ios-maps-sdk";
			requirement = {
				kind = exactVersion;
				version = 9.0.0;
			};
		};
		4DC87F722C0C5C82005F6F12 /* XCRemoteSwiftPackageReference "firebase-ios-sdk" */ = {
			isa = XCRemoteSwiftPackageReference;
			repositoryURL = "https://github.com/firebase/firebase-ios-sdk.git";
			requirement = {
				kind = upToNextMajorVersion;
				minimumVersion = 10.27.0;
			};
		};
		4DC87F9A2C10AB0F005F6F12 /* XCRemoteSwiftPackageReference "GoogleSignIn-iOS" */ = {
			isa = XCRemoteSwiftPackageReference;
			repositoryURL = "https://github.com/google/GoogleSignIn-iOS.git";
			requirement = {
				kind = upToNextMajorVersion;
				minimumVersion = 7.1.0;
			};
		};
/* End XCRemoteSwiftPackageReference section */

/* Begin XCSwiftPackageProductDependency section */
		1980E6A52C2EFB3800AF846B /* FirebaseStorage */ = {
			isa = XCSwiftPackageProductDependency;
			package = 4DC87F722C0C5C82005F6F12 /* XCRemoteSwiftPackageReference "firebase-ios-sdk" */;
			productName = FirebaseStorage;
		};
		19D16CD02C140EA200133B59 /* GoogleMaps */ = {
			isa = XCSwiftPackageProductDependency;
			package = 19D16CCF2C140EA200133B59 /* XCRemoteSwiftPackageReference "ios-maps-sdk" */;
			productName = GoogleMaps;
		};
		4DC87F732C0C5C82005F6F12 /* FirebaseAnalytics */ = {
			isa = XCSwiftPackageProductDependency;
			package = 4DC87F722C0C5C82005F6F12 /* XCRemoteSwiftPackageReference "firebase-ios-sdk" */;
			productName = FirebaseAnalytics;
		};
		4DC87F752C0C5C82005F6F12 /* FirebaseAnalyticsSwift */ = {
			isa = XCSwiftPackageProductDependency;
			package = 4DC87F722C0C5C82005F6F12 /* XCRemoteSwiftPackageReference "firebase-ios-sdk" */;
			productName = FirebaseAnalyticsSwift;
		};
		4DC87F772C0C5C82005F6F12 /* FirebaseAuth */ = {
			isa = XCSwiftPackageProductDependency;
			package = 4DC87F722C0C5C82005F6F12 /* XCRemoteSwiftPackageReference "firebase-ios-sdk" */;
			productName = FirebaseAuth;
		};
		4DC87F942C0EE6FB005F6F12 /* FirebaseFirestore */ = {
			isa = XCSwiftPackageProductDependency;
			package = 4DC87F722C0C5C82005F6F12 /* XCRemoteSwiftPackageReference "firebase-ios-sdk" */;
			productName = FirebaseFirestore;
		};
		4DC87F962C0EE705005F6F12 /* FirebaseFirestoreSwift */ = {
			isa = XCSwiftPackageProductDependency;
			package = 4DC87F722C0C5C82005F6F12 /* XCRemoteSwiftPackageReference "firebase-ios-sdk" */;
			productName = FirebaseFirestoreSwift;
		};
		4DC87F9B2C10AB0F005F6F12 /* GoogleSignIn */ = {
			isa = XCSwiftPackageProductDependency;
			package = 4DC87F9A2C10AB0F005F6F12 /* XCRemoteSwiftPackageReference "GoogleSignIn-iOS" */;
			productName = GoogleSignIn;
		};
		4DC87F9D2C10AB0F005F6F12 /* GoogleSignInSwift */ = {
			isa = XCSwiftPackageProductDependency;
			package = 4DC87F9A2C10AB0F005F6F12 /* XCRemoteSwiftPackageReference "GoogleSignIn-iOS" */;
			productName = GoogleSignInSwift;
		};
/* End XCSwiftPackageProductDependency section */
	};
	rootObject = 4DC87F572C0C5AB2005F6F12 /* Project object */;
}
